
Microsoft Visual Studio Solution File, Format Version 12.00
# Visual Studio Version 17
VisualStudioVersion = 17.2.32519.379
MinimumVisualStudioVersion = 10.0.40219.1
Project("{9A19103F-16F7-4668-BE54-9A1E7A4F7556}") = "Flaminco.JWTHandler", "Flaminco.JWTHandler\Flaminco.JWTHandler.csproj", "{5E3DD1D9-5BC6-405B-873B-A4E4D5DACC7C}"
EndProject
Project("{9A19103F-16F7-4668-BE54-9A1E7A4F7556}") = "Flaminco.ProDownloader", "Flaminco.ProDownloader\Flaminco.ProDownloader.csproj", "{9186A0D9-AB72-4320-91CA-28C86B8B0DCE}"
EndProject
Project("{9A19103F-16F7-4668-BE54-9A1E7A4F7556}") = "Flaminco.ManualMapper", "Flaminco.ManualMapper\Flaminco.ManualMapper.csproj", "{7FDAAF88-9F9C-4911-B5B2-FD0AE04CF234}"
EndProject
Project("{9A19103F-16F7-4668-BE54-9A1E7A4F7556}") = "Flaminco.MinimalMediatR", "Flaminco.MinimalMediatR\Flaminco.MinimalMediatR.csproj", "{AEC18576-BF18-4BD5-A56A-B0BF89E6BE97}"
EndProject
Project("{9A19103F-16F7-4668-BE54-9A1E7A4F7556}") = "Flaminco.Pipeline", "Flaminco.Pipeline\Flaminco.Pipeline.csproj", "{C859199F-C80C-4704-83D8-A1B85ADC5A11}"
EndProject
Project("{9A19103F-16F7-4668-BE54-9A1E7A4F7556}") = "Flaminco.Hangfire", "Flaminco.Hangfire\Flaminco.Hangfire.csproj", "{33112C42-D01D-40BB-940C-32F661A2B03B}"
EndProject
Project("{9A19103F-16F7-4668-BE54-9A1E7A4F7556}") = "Flaminco.ServiceBus", "Flaminco.ServiceBus\Flaminco.ServiceBus.csproj", "{0F8BBABF-0293-451D-BBFB-AC5E3DB07D1E}"
EndProject
Project("{9A19103F-16F7-4668-BE54-9A1E7A4F7556}") = "Flaminco.Results", "Flaminco.Results\Flaminco.Results.csproj", "{F3E54D9E-B329-4D6D-8EA5-4020B01192D0}"
EndProject
Project("{9A19103F-16F7-4668-BE54-9A1E7A4F7556}") = "Flaminco.Validation", "Flamico.Validation\Flaminco.Validation.csproj", "{D0CFA0F8-1496-4948-B583-BD755787FA21}"
EndProject
Project("{9A19103F-16F7-4668-BE54-9A1E7A4F7556}") = "Flaminco.Migration", "Flaminco.Migration\Flaminco.Migration.csproj", "{2CDC09BD-96C9-479D-BF03-E15BD194A23A}"
EndProject
Project("{9A19103F-16F7-4668-BE54-9A1E7A4F7556}") = "Flaminco.MinimalExtensions", "Flaminco.MinimalExtensions\Flaminco.MinimalExtensions.csproj", "{97ADDA4A-5503-4A46-BF14-E6BA517C061C}"
EndProject
Project("{9A19103F-16F7-4668-BE54-9A1E7A4F7556}") = "Flaminco.Workflows", "Flaminco.Workflows\Flaminco.Workflows.csproj", "{187F5828-269E-4C8F-9F0B-8325E8EE67F4}"
EndProject
Project("{9A19103F-16F7-4668-BE54-9A1E7A4F7556}") = "Flaminco.Pagination", "Flaminco.Pagination\Flaminco.Pagination.csproj", "{4AA11A3F-3CCC-4547-92B7-0CE63023037D}"
EndProject
Project("{9A19103F-16F7-4668-BE54-9A1E7A4F7556}") = "Flaminco.Identifier", "Flaminco.Identifier\Flaminco.Identifier.csproj", "{BE2B3704-E649-43A4-80F1-1DBA2C00E884}"
EndProject
Project("{9A19103F-16F7-4668-BE54-9A1E7A4F7556}") = "WebApplication1", "WebApplication1\WebApplication1.csproj", "{A96D1F87-9F55-434A-BEEB-0EA435522B26}"
EndProject
Project("{9A19103F-16F7-4668-BE54-9A1E7A4F7556}") = "Flaminco.RediPolly", "Flaminco.RediPolly\Flaminco.RediPolly.csproj", "{3ACDA3BD-51A3-49D9-8352-8F67885E36A0}"
EndProject
Project("{9A19103F-16F7-4668-BE54-9A1E7A4F7556}") = "Flaminco.CacheKeys", "Flaminco.CacheKey\Flaminco.CacheKeys.csproj", "{6D15071B-BE81-484D-8DDC-B61AB21B1A45}"
EndProject
Project("{9A19103F-16F7-4668-BE54-9A1E7A4F7556}") = "Flaminco.Keycloak", "Flaminco.Keycloak\Flaminco.Keycloak.csproj", "{D4E2C683-0674-4914-9A69-7817468BCDC3}"
EndProject
Project("{9A19103F-16F7-4668-BE54-9A1E7A4F7556}") = "Flaminco.SLA", "Flaminco.SLA\Flaminco.SLA.csproj", "{AD0F7C53-1AF6-494C-AA1C-FE53AE639BBA}"
EndProject
Project("{9A19103F-16F7-4668-BE54-9A1E7A4F7556}") = "Flaminco.RabbitMQ.AMQP", "Flaminco.RabbitMQ.Amqp\Flaminco.RabbitMQ.AMQP.csproj", "{A9C96AE9-A1A5-433C-8244-D025B7C0D197}"
EndProject
Project("{9A19103F-16F7-4668-BE54-9A1E7A4F7556}") = "Flaminco.ImmutableStates", "Flaminco.ImmutableState\Flaminco.ImmutableStates.csproj", "{DF3BB7DC-42AE-42E8-BAAD-43A28B8FFCBA}"
EndProject
Project("{9A19103F-16F7-4668-BE54-9A1E7A4F7556}") = "GarnetWorker", "GarnetWorker\GarnetWorker.csproj", "{63DD5B18-6524-4230-870E-3FA7EBE31E98}"
EndProject
Project("{9A19103F-16F7-4668-BE54-9A1E7A4F7556}") = "Flaminco.RazorInk", "Flaminco.RazorInk\Flaminco.RazorInk.csproj", "{ED9E5E19-4977-43B5-BAF8-9771896D3CBB}"
EndProject
Project("{FAE04EC0-301F-11D3-BF4B-00C04F79EFBC}") = "Flaminco.AzureBus.AMQP", "Flaminco.AzureBus.AMQP\Flaminco.AzureBus.AMQP.csproj", "{FBC830D0-EA93-41EC-830C-915691FD56F5}"
EndProject
Global
	GlobalSection(SolutionConfigurationPlatforms) = preSolution
		Debug|Any CPU = Debug|Any CPU
		Release|Any CPU = Release|Any CPU
	EndGlobalSection
	GlobalSection(ProjectConfigurationPlatforms) = postSolution
		{5E3DD1D9-5BC6-405B-873B-A4E4D5DACC7C}.Debug|Any CPU.ActiveCfg = Debug|Any CPU
		{5E3DD1D9-5BC6-405B-873B-A4E4D5DACC7C}.Debug|Any CPU.Build.0 = Debug|Any CPU
		{5E3DD1D9-5BC6-405B-873B-A4E4D5DACC7C}.Release|Any CPU.ActiveCfg = Release|Any CPU
		{5E3DD1D9-5BC6-405B-873B-A4E4D5DACC7C}.Release|Any CPU.Build.0 = Release|Any CPU
		{9186A0D9-AB72-4320-91CA-28C86B8B0DCE}.Debug|Any CPU.ActiveCfg = Debug|Any CPU
		{9186A0D9-AB72-4320-91CA-28C86B8B0DCE}.Debug|Any CPU.Build.0 = Debug|Any CPU
		{9186A0D9-AB72-4320-91CA-28C86B8B0DCE}.Release|Any CPU.ActiveCfg = Release|Any CPU
		{9186A0D9-AB72-4320-91CA-28C86B8B0DCE}.Release|Any CPU.Build.0 = Release|Any CPU
		{7FDAAF88-9F9C-4911-B5B2-FD0AE04CF234}.Debug|Any CPU.ActiveCfg = Debug|Any CPU
		{7FDAAF88-9F9C-4911-B5B2-FD0AE04CF234}.Debug|Any CPU.Build.0 = Debug|Any CPU
		{7FDAAF88-9F9C-4911-B5B2-FD0AE04CF234}.Release|Any CPU.ActiveCfg = Release|Any CPU
		{7FDAAF88-9F9C-4911-B5B2-FD0AE04CF234}.Release|Any CPU.Build.0 = Release|Any CPU
		{AEC18576-BF18-4BD5-A56A-B0BF89E6BE97}.Debug|Any CPU.ActiveCfg = Debug|Any CPU
		{AEC18576-BF18-4BD5-A56A-B0BF89E6BE97}.Debug|Any CPU.Build.0 = Debug|Any CPU
		{AEC18576-BF18-4BD5-A56A-B0BF89E6BE97}.Release|Any CPU.ActiveCfg = Release|Any CPU
		{AEC18576-BF18-4BD5-A56A-B0BF89E6BE97}.Release|Any CPU.Build.0 = Release|Any CPU
		{C859199F-C80C-4704-83D8-A1B85ADC5A11}.Debug|Any CPU.ActiveCfg = Debug|Any CPU
		{C859199F-C80C-4704-83D8-A1B85ADC5A11}.Debug|Any CPU.Build.0 = Debug|Any CPU
		{C859199F-C80C-4704-83D8-A1B85ADC5A11}.Release|Any CPU.ActiveCfg = Release|Any CPU
		{C859199F-C80C-4704-83D8-A1B85ADC5A11}.Release|Any CPU.Build.0 = Release|Any CPU
		{33112C42-D01D-40BB-940C-32F661A2B03B}.Debug|Any CPU.ActiveCfg = Debug|Any CPU
		{33112C42-D01D-40BB-940C-32F661A2B03B}.Debug|Any CPU.Build.0 = Debug|Any CPU
		{33112C42-D01D-40BB-940C-32F661A2B03B}.Release|Any CPU.ActiveCfg = Release|Any CPU
		{33112C42-D01D-40BB-940C-32F661A2B03B}.Release|Any CPU.Build.0 = Release|Any CPU
		{0F8BBABF-0293-451D-BBFB-AC5E3DB07D1E}.Debug|Any CPU.ActiveCfg = Debug|Any CPU
		{0F8BBABF-0293-451D-BBFB-AC5E3DB07D1E}.Debug|Any CPU.Build.0 = Debug|Any CPU
		{0F8BBABF-0293-451D-BBFB-AC5E3DB07D1E}.Release|Any CPU.ActiveCfg = Release|Any CPU
		{0F8BBABF-0293-451D-BBFB-AC5E3DB07D1E}.Release|Any CPU.Build.0 = Release|Any CPU
		{F3E54D9E-B329-4D6D-8EA5-4020B01192D0}.Debug|Any CPU.ActiveCfg = Debug|Any CPU
		{F3E54D9E-B329-4D6D-8EA5-4020B01192D0}.Debug|Any CPU.Build.0 = Debug|Any CPU
		{F3E54D9E-B329-4D6D-8EA5-4020B01192D0}.Release|Any CPU.ActiveCfg = Release|Any CPU
		{F3E54D9E-B329-4D6D-8EA5-4020B01192D0}.Release|Any CPU.Build.0 = Release|Any CPU
		{D0CFA0F8-1496-4948-B583-BD755787FA21}.Debug|Any CPU.ActiveCfg = Debug|Any CPU
		{D0CFA0F8-1496-4948-B583-BD755787FA21}.Debug|Any CPU.Build.0 = Debug|Any CPU
		{D0CFA0F8-1496-4948-B583-BD755787FA21}.Release|Any CPU.ActiveCfg = Release|Any CPU
		{D0CFA0F8-1496-4948-B583-BD755787FA21}.Release|Any CPU.Build.0 = Release|Any CPU
		{2CDC09BD-96C9-479D-BF03-E15BD194A23A}.Debug|Any CPU.ActiveCfg = Debug|Any CPU
		{2CDC09BD-96C9-479D-BF03-E15BD194A23A}.Debug|Any CPU.Build.0 = Debug|Any CPU
		{2CDC09BD-96C9-479D-BF03-E15BD194A23A}.Release|Any CPU.ActiveCfg = Release|Any CPU
		{2CDC09BD-96C9-479D-BF03-E15BD194A23A}.Release|Any CPU.Build.0 = Release|Any CPU
		{97ADDA4A-5503-4A46-BF14-E6BA517C061C}.Debug|Any CPU.ActiveCfg = Debug|Any CPU
		{97ADDA4A-5503-4A46-BF14-E6BA517C061C}.Debug|Any CPU.Build.0 = Debug|Any CPU
		{97ADDA4A-5503-4A46-BF14-E6BA517C061C}.Release|Any CPU.ActiveCfg = Release|Any CPU
		{97ADDA4A-5503-4A46-BF14-E6BA517C061C}.Release|Any CPU.Build.0 = Release|Any CPU
		{187F5828-269E-4C8F-9F0B-8325E8EE67F4}.Debug|Any CPU.ActiveCfg = Debug|Any CPU
		{187F5828-269E-4C8F-9F0B-8325E8EE67F4}.Debug|Any CPU.Build.0 = Debug|Any CPU
		{187F5828-269E-4C8F-9F0B-8325E8EE67F4}.Release|Any CPU.ActiveCfg = Release|Any CPU
		{187F5828-269E-4C8F-9F0B-8325E8EE67F4}.Release|Any CPU.Build.0 = Release|Any CPU
		{4AA11A3F-3CCC-4547-92B7-0CE63023037D}.Debug|Any CPU.ActiveCfg = Debug|Any CPU
		{4AA11A3F-3CCC-4547-92B7-0CE63023037D}.Debug|Any CPU.Build.0 = Debug|Any CPU
		{4AA11A3F-3CCC-4547-92B7-0CE63023037D}.Release|Any CPU.ActiveCfg = Release|Any CPU
		{4AA11A3F-3CCC-4547-92B7-0CE63023037D}.Release|Any CPU.Build.0 = Release|Any CPU
		{BE2B3704-E649-43A4-80F1-1DBA2C00E884}.Debug|Any CPU.ActiveCfg = Debug|Any CPU
		{BE2B3704-E649-43A4-80F1-1DBA2C00E884}.Debug|Any CPU.Build.0 = Debug|Any CPU
		{BE2B3704-E649-43A4-80F1-1DBA2C00E884}.Release|Any CPU.ActiveCfg = Release|Any CPU
		{BE2B3704-E649-43A4-80F1-1DBA2C00E884}.Release|Any CPU.Build.0 = Release|Any CPU
		{A96D1F87-9F55-434A-BEEB-0EA435522B26}.Debug|Any CPU.ActiveCfg = Debug|Any CPU
		{A96D1F87-9F55-434A-BEEB-0EA435522B26}.Debug|Any CPU.Build.0 = Debug|Any CPU
		{A96D1F87-9F55-434A-BEEB-0EA435522B26}.Release|Any CPU.ActiveCfg = Release|Any CPU
		{A96D1F87-9F55-434A-BEEB-0EA435522B26}.Release|Any CPU.Build.0 = Release|Any CPU
		{3ACDA3BD-51A3-49D9-8352-8F67885E36A0}.Debug|Any CPU.ActiveCfg = Debug|Any CPU
		{3ACDA3BD-51A3-49D9-8352-8F67885E36A0}.Debug|Any CPU.Build.0 = Debug|Any CPU
		{3ACDA3BD-51A3-49D9-8352-8F67885E36A0}.Release|Any CPU.ActiveCfg = Release|Any CPU
		{3ACDA3BD-51A3-49D9-8352-8F67885E36A0}.Release|Any CPU.Build.0 = Release|Any CPU
		{6D15071B-BE81-484D-8DDC-B61AB21B1A45}.Debug|Any CPU.ActiveCfg = Debug|Any CPU
		{6D15071B-BE81-484D-8DDC-B61AB21B1A45}.Debug|Any CPU.Build.0 = Debug|Any CPU
		{6D15071B-BE81-484D-8DDC-B61AB21B1A45}.Release|Any CPU.ActiveCfg = Release|Any CPU
		{6D15071B-BE81-484D-8DDC-B61AB21B1A45}.Release|Any CPU.Build.0 = Release|Any CPU
		{D4E2C683-0674-4914-9A69-7817468BCDC3}.Debug|Any CPU.ActiveCfg = Debug|Any CPU
		{D4E2C683-0674-4914-9A69-7817468BCDC3}.Debug|Any CPU.Build.0 = Debug|Any CPU
		{D4E2C683-0674-4914-9A69-7817468BCDC3}.Release|Any CPU.ActiveCfg = Release|Any CPU
		{D4E2C683-0674-4914-9A69-7817468BCDC3}.Release|Any CPU.Build.0 = Release|Any CPU
		{AD0F7C53-1AF6-494C-AA1C-FE53AE639BBA}.Debug|Any CPU.ActiveCfg = Debug|Any CPU
		{AD0F7C53-1AF6-494C-AA1C-FE53AE639BBA}.Debug|Any CPU.Build.0 = Debug|Any CPU
		{AD0F7C53-1AF6-494C-AA1C-FE53AE639BBA}.Release|Any CPU.ActiveCfg = Release|Any CPU
		{AD0F7C53-1AF6-494C-AA1C-FE53AE639BBA}.Release|Any CPU.Build.0 = Release|Any CPU
		{A9C96AE9-A1A5-433C-8244-D025B7C0D197}.Debug|Any CPU.ActiveCfg = Debug|Any CPU
		{A9C96AE9-A1A5-433C-8244-D025B7C0D197}.Debug|Any CPU.Build.0 = Debug|Any CPU
		{A9C96AE9-A1A5-433C-8244-D025B7C0D197}.Release|Any CPU.ActiveCfg = Release|Any CPU
		{A9C96AE9-A1A5-433C-8244-D025B7C0D197}.Release|Any CPU.Build.0 = Release|Any CPU
		{DF3BB7DC-42AE-42E8-BAAD-43A28B8FFCBA}.Debug|Any CPU.ActiveCfg = Debug|Any CPU
		{DF3BB7DC-42AE-42E8-BAAD-43A28B8FFCBA}.Debug|Any CPU.Build.0 = Debug|Any CPU
		{DF3BB7DC-42AE-42E8-BAAD-43A28B8FFCBA}.Release|Any CPU.ActiveCfg = Release|Any CPU
		{DF3BB7DC-42AE-42E8-BAAD-43A28B8FFCBA}.Release|Any CPU.Build.0 = Release|Any CPU
		{63DD5B18-6524-4230-870E-3FA7EBE31E98}.Debug|Any CPU.ActiveCfg = Debug|Any CPU
		{63DD5B18-6524-4230-870E-3FA7EBE31E98}.Debug|Any CPU.Build.0 = Debug|Any CPU
		{63DD5B18-6524-4230-870E-3FA7EBE31E98}.Release|Any CPU.ActiveCfg = Release|Any CPU
		{63DD5B18-6524-4230-870E-3FA7EBE31E98}.Release|Any CPU.Build.0 = Release|Any CPU
		{ED9E5E19-4977-43B5-BAF8-9771896D3CBB}.Debug|Any CPU.ActiveCfg = Debug|Any CPU
		{ED9E5E19-4977-43B5-BAF8-9771896D3CBB}.Debug|Any CPU.Build.0 = Debug|Any CPU
		{ED9E5E19-4977-43B5-BAF8-9771896D3CBB}.Release|Any CPU.ActiveCfg = Release|Any CPU
		{ED9E5E19-4977-43B5-BAF8-9771896D3CBB}.Release|Any CPU.Build.0 = Release|Any CPU
		{FBC830D0-EA93-41EC-830C-915691FD56F5}.Debug|Any CPU.ActiveCfg = Debug|Any CPU
		{FBC830D0-EA93-41EC-830C-915691FD56F5}.Debug|Any CPU.Build.0 = Debug|Any CPU
		{FBC830D0-EA93-41EC-830C-915691FD56F5}.Release|Any CPU.ActiveCfg = Release|Any CPU
		{FBC830D0-EA93-41EC-830C-915691FD56F5}.Release|Any CPU.Build.0 = Release|Any CPU
	EndGlobalSection
	GlobalSection(SolutionProperties) = preSolution
		HideSolutionNode = FALSE
	EndGlobalSection
	GlobalSection(ExtensibilityGlobals) = postSolution
		SolutionGuid = {40A45369-111E-459B-A8F5-8D24D9B4DEFC}
	EndGlobalSection
EndGlobal
