
Microsoft Visual Studio Solution File, Format Version 12.00
# Visual Studio Version 17
VisualStudioVersion = 17.2.32519.379
MinimumVisualStudioVersion = 10.0.40219.1
Project("{9A19103F-16F7-4668-BE54-9A1E7A4F7556}") = "Flaminco.JWTHandler", "Flaminco.JWTHandler\Flaminco.JWTHandler.csproj", "{5E3DD1D9-5BC6-405B-873B-A4E4D5DACC7C}"
EndProject
Project("{9A19103F-16F7-4668-BE54-9A1E7A4F7556}") = "Flaminco.ProDownloader", "Flaminco.ProDownloader\Flaminco.ProDownloader.csproj", "{9186A0D9-AB72-4320-91CA-28C86B8B0DCE}"
EndProject
Project("{9A19103F-16F7-4668-BE54-9A1E7A4F7556}") = "Flaminco.AuditTrail.Core", "Flaminco.AuditTrail\Flaminco.AuditTrail.Core.csproj", "{D1563A40-EC40-4040-8C1B-B866A9DD2812}"
EndProject
Project("{9A19103F-16F7-4668-BE54-9A1E7A4F7556}") = "Flaminco.AuditTrail.Redis", "Flaminco.AuditTrail.Redis\Flaminco.AuditTrail.Redis.csproj", "{6C904A16-A7F4-4E68-B09D-DAAC2C489E9F}"
EndProject
Project("{9A19103F-16F7-4668-BE54-9A1E7A4F7556}") = "Flaminco.AuditTrail.Memory", "Flaminco.AuditTrail.Memory\Flaminco.AuditTrail.Memory.csproj", "{378AF3BA-D8ED-4B37-9B26-4A66093F2C87}"
EndProject
Project("{9A19103F-16F7-4668-BE54-9A1E7A4F7556}") = "Flaminco.ManualMapper", "Flaminco.ManualMapper\Flaminco.ManualMapper.csproj", "{7FDAAF88-9F9C-4911-B5B2-FD0AE04CF234}"
EndProject
Project("{9A19103F-16F7-4668-BE54-9A1E7A4F7556}") = "Flaminco.MinimalMediatR", "Flaminco.MinimalMediatR\Flaminco.MinimalMediatR.csproj", "{AEC18576-BF18-4BD5-A56A-B0BF89E6BE97}"
EndProject
Project("{9A19103F-16F7-4668-BE54-9A1E7A4F7556}") = "Flaminco.Pipeline", "Flaminco.Pipeline\Flaminco.Pipeline.csproj", "{C859199F-C80C-4704-83D8-A1B85ADC5A11}"
EndProject
Project("{9A19103F-16F7-4668-BE54-9A1E7A4F7556}") = "Flaminco.Hangfire", "Flaminco.Hangfire\Flaminco.Hangfire.csproj", "{33112C42-D01D-40BB-940C-32F661A2B03B}"
EndProject
Project("{9A19103F-16F7-4668-BE54-9A1E7A4F7556}") = "Flaminco.ServiceBus", "Flaminco.ServiceBus\Flaminco.ServiceBus.csproj", "{0F8BBABF-0293-451D-BBFB-AC5E3DB07D1E}"
EndProject
Project("{9A19103F-16F7-4668-BE54-9A1E7A4F7556}") = "Flaminco.Results", "Flaminco.Results\Flaminco.Results.csproj", "{F3E54D9E-B329-4D6D-8EA5-4020B01192D0}"
EndProject
Project("{9A19103F-16F7-4668-BE54-9A1E7A4F7556}") = "FlamincoWebApi", "FlamincoWebApi\FlamincoWebApi.csproj", "{D3E519A3-4D4E-45DA-900A-7B67201B86A1}"
EndProject
Project("{9A19103F-16F7-4668-BE54-9A1E7A4F7556}") = "Flaminco.Cache", "Flaminco.Cache\Flaminco.Cache.csproj", "{6EF3BAB9-2A72-4F37-9FE7-7D87D63DBAB2}"
EndProject
Project("{9A19103F-16F7-4668-BE54-9A1E7A4F7556}") = "Flaminco.Logging", "Flaminco.Logging\Flaminco.Logging.csproj", "{86FB4CD8-2D08-4E0D-B1AB-3EE36B775299}"
EndProject
Project("{9A19103F-16F7-4668-BE54-9A1E7A4F7556}") = "Flaminco.Validation", "Flamico.Validation\Flaminco.Validation.csproj", "{D0CFA0F8-1496-4948-B583-BD755787FA21}"
EndProject
Project("{9A19103F-16F7-4668-BE54-9A1E7A4F7556}") = "WebApplication2", "WebApplication2\WebApplication2.csproj", "{20811C9C-C35D-4424-91FC-F2EF03C86719}"
EndProject
Project("{FAE04EC0-301F-11D3-BF4B-00C04F79EFBC}") = "Flaminco.Migration", "Flaminco.Migration\Flaminco.Migration.csproj", "{2CDC09BD-96C9-479D-BF03-E15BD194A23A}"
EndProject
Global
	GlobalSection(SolutionConfigurationPlatforms) = preSolution
		Debug|Any CPU = Debug|Any CPU
		Release|Any CPU = Release|Any CPU
	EndGlobalSection
	GlobalSection(ProjectConfigurationPlatforms) = postSolution
		{5E3DD1D9-5BC6-405B-873B-A4E4D5DACC7C}.Debug|Any CPU.ActiveCfg = Debug|Any CPU
		{5E3DD1D9-5BC6-405B-873B-A4E4D5DACC7C}.Debug|Any CPU.Build.0 = Debug|Any CPU
		{5E3DD1D9-5BC6-405B-873B-A4E4D5DACC7C}.Release|Any CPU.ActiveCfg = Release|Any CPU
		{5E3DD1D9-5BC6-405B-873B-A4E4D5DACC7C}.Release|Any CPU.Build.0 = Release|Any CPU
		{9186A0D9-AB72-4320-91CA-28C86B8B0DCE}.Debug|Any CPU.ActiveCfg = Debug|Any CPU
		{9186A0D9-AB72-4320-91CA-28C86B8B0DCE}.Debug|Any CPU.Build.0 = Debug|Any CPU
		{9186A0D9-AB72-4320-91CA-28C86B8B0DCE}.Release|Any CPU.ActiveCfg = Release|Any CPU
		{9186A0D9-AB72-4320-91CA-28C86B8B0DCE}.Release|Any CPU.Build.0 = Release|Any CPU
		{D1563A40-EC40-4040-8C1B-B866A9DD2812}.Debug|Any CPU.ActiveCfg = Debug|Any CPU
		{D1563A40-EC40-4040-8C1B-B866A9DD2812}.Debug|Any CPU.Build.0 = Debug|Any CPU
		{D1563A40-EC40-4040-8C1B-B866A9DD2812}.Release|Any CPU.ActiveCfg = Release|Any CPU
		{D1563A40-EC40-4040-8C1B-B866A9DD2812}.Release|Any CPU.Build.0 = Release|Any CPU
		{6C904A16-A7F4-4E68-B09D-DAAC2C489E9F}.Debug|Any CPU.ActiveCfg = Debug|Any CPU
		{6C904A16-A7F4-4E68-B09D-DAAC2C489E9F}.Debug|Any CPU.Build.0 = Debug|Any CPU
		{6C904A16-A7F4-4E68-B09D-DAAC2C489E9F}.Release|Any CPU.ActiveCfg = Release|Any CPU
		{6C904A16-A7F4-4E68-B09D-DAAC2C489E9F}.Release|Any CPU.Build.0 = Release|Any CPU
		{378AF3BA-D8ED-4B37-9B26-4A66093F2C87}.Debug|Any CPU.ActiveCfg = Debug|Any CPU
		{378AF3BA-D8ED-4B37-9B26-4A66093F2C87}.Debug|Any CPU.Build.0 = Debug|Any CPU
		{378AF3BA-D8ED-4B37-9B26-4A66093F2C87}.Release|Any CPU.ActiveCfg = Release|Any CPU
		{378AF3BA-D8ED-4B37-9B26-4A66093F2C87}.Release|Any CPU.Build.0 = Release|Any CPU
		{7FDAAF88-9F9C-4911-B5B2-FD0AE04CF234}.Debug|Any CPU.ActiveCfg = Debug|Any CPU
		{7FDAAF88-9F9C-4911-B5B2-FD0AE04CF234}.Debug|Any CPU.Build.0 = Debug|Any CPU
		{7FDAAF88-9F9C-4911-B5B2-FD0AE04CF234}.Release|Any CPU.ActiveCfg = Release|Any CPU
		{7FDAAF88-9F9C-4911-B5B2-FD0AE04CF234}.Release|Any CPU.Build.0 = Release|Any CPU
		{AEC18576-BF18-4BD5-A56A-B0BF89E6BE97}.Debug|Any CPU.ActiveCfg = Debug|Any CPU
		{AEC18576-BF18-4BD5-A56A-B0BF89E6BE97}.Debug|Any CPU.Build.0 = Debug|Any CPU
		{AEC18576-BF18-4BD5-A56A-B0BF89E6BE97}.Release|Any CPU.ActiveCfg = Release|Any CPU
		{AEC18576-BF18-4BD5-A56A-B0BF89E6BE97}.Release|Any CPU.Build.0 = Release|Any CPU
		{C859199F-C80C-4704-83D8-A1B85ADC5A11}.Debug|Any CPU.ActiveCfg = Debug|Any CPU
		{C859199F-C80C-4704-83D8-A1B85ADC5A11}.Debug|Any CPU.Build.0 = Debug|Any CPU
		{C859199F-C80C-4704-83D8-A1B85ADC5A11}.Release|Any CPU.ActiveCfg = Release|Any CPU
		{C859199F-C80C-4704-83D8-A1B85ADC5A11}.Release|Any CPU.Build.0 = Release|Any CPU
		{33112C42-D01D-40BB-940C-32F661A2B03B}.Debug|Any CPU.ActiveCfg = Debug|Any CPU
		{33112C42-D01D-40BB-940C-32F661A2B03B}.Debug|Any CPU.Build.0 = Debug|Any CPU
		{33112C42-D01D-40BB-940C-32F661A2B03B}.Release|Any CPU.ActiveCfg = Release|Any CPU
		{33112C42-D01D-40BB-940C-32F661A2B03B}.Release|Any CPU.Build.0 = Release|Any CPU
		{0F8BBABF-0293-451D-BBFB-AC5E3DB07D1E}.Debug|Any CPU.ActiveCfg = Debug|Any CPU
		{0F8BBABF-0293-451D-BBFB-AC5E3DB07D1E}.Debug|Any CPU.Build.0 = Debug|Any CPU
		{0F8BBABF-0293-451D-BBFB-AC5E3DB07D1E}.Release|Any CPU.ActiveCfg = Release|Any CPU
		{0F8BBABF-0293-451D-BBFB-AC5E3DB07D1E}.Release|Any CPU.Build.0 = Release|Any CPU
		{F3E54D9E-B329-4D6D-8EA5-4020B01192D0}.Debug|Any CPU.ActiveCfg = Debug|Any CPU
		{F3E54D9E-B329-4D6D-8EA5-4020B01192D0}.Debug|Any CPU.Build.0 = Debug|Any CPU
		{F3E54D9E-B329-4D6D-8EA5-4020B01192D0}.Release|Any CPU.ActiveCfg = Release|Any CPU
		{F3E54D9E-B329-4D6D-8EA5-4020B01192D0}.Release|Any CPU.Build.0 = Release|Any CPU
		{D3E519A3-4D4E-45DA-900A-7B67201B86A1}.Debug|Any CPU.ActiveCfg = Debug|Any CPU
		{D3E519A3-4D4E-45DA-900A-7B67201B86A1}.Debug|Any CPU.Build.0 = Debug|Any CPU
		{D3E519A3-4D4E-45DA-900A-7B67201B86A1}.Release|Any CPU.ActiveCfg = Release|Any CPU
		{D3E519A3-4D4E-45DA-900A-7B67201B86A1}.Release|Any CPU.Build.0 = Release|Any CPU
		{6EF3BAB9-2A72-4F37-9FE7-7D87D63DBAB2}.Debug|Any CPU.ActiveCfg = Debug|Any CPU
		{6EF3BAB9-2A72-4F37-9FE7-7D87D63DBAB2}.Debug|Any CPU.Build.0 = Debug|Any CPU
		{6EF3BAB9-2A72-4F37-9FE7-7D87D63DBAB2}.Release|Any CPU.ActiveCfg = Release|Any CPU
		{6EF3BAB9-2A72-4F37-9FE7-7D87D63DBAB2}.Release|Any CPU.Build.0 = Release|Any CPU
		{86FB4CD8-2D08-4E0D-B1AB-3EE36B775299}.Debug|Any CPU.ActiveCfg = Debug|Any CPU
		{86FB4CD8-2D08-4E0D-B1AB-3EE36B775299}.Debug|Any CPU.Build.0 = Debug|Any CPU
		{86FB4CD8-2D08-4E0D-B1AB-3EE36B775299}.Release|Any CPU.ActiveCfg = Release|Any CPU
		{86FB4CD8-2D08-4E0D-B1AB-3EE36B775299}.Release|Any CPU.Build.0 = Release|Any CPU
		{D0CFA0F8-1496-4948-B583-BD755787FA21}.Debug|Any CPU.ActiveCfg = Debug|Any CPU
		{D0CFA0F8-1496-4948-B583-BD755787FA21}.Debug|Any CPU.Build.0 = Debug|Any CPU
		{D0CFA0F8-1496-4948-B583-BD755787FA21}.Release|Any CPU.ActiveCfg = Release|Any CPU
		{D0CFA0F8-1496-4948-B583-BD755787FA21}.Release|Any CPU.Build.0 = Release|Any CPU
		{20811C9C-C35D-4424-91FC-F2EF03C86719}.Debug|Any CPU.ActiveCfg = Debug|Any CPU
		{20811C9C-C35D-4424-91FC-F2EF03C86719}.Debug|Any CPU.Build.0 = Debug|Any CPU
		{20811C9C-C35D-4424-91FC-F2EF03C86719}.Release|Any CPU.ActiveCfg = Release|Any CPU
		{20811C9C-C35D-4424-91FC-F2EF03C86719}.Release|Any CPU.Build.0 = Release|Any CPU
		{2CDC09BD-96C9-479D-BF03-E15BD194A23A}.Debug|Any CPU.ActiveCfg = Debug|Any CPU
		{2CDC09BD-96C9-479D-BF03-E15BD194A23A}.Debug|Any CPU.Build.0 = Debug|Any CPU
		{2CDC09BD-96C9-479D-BF03-E15BD194A23A}.Release|Any CPU.ActiveCfg = Release|Any CPU
		{2CDC09BD-96C9-479D-BF03-E15BD194A23A}.Release|Any CPU.Build.0 = Release|Any CPU
	EndGlobalSection
	GlobalSection(SolutionProperties) = preSolution
		HideSolutionNode = FALSE
	EndGlobalSection
	GlobalSection(ExtensibilityGlobals) = postSolution
		SolutionGuid = {40A45369-111E-459B-A8F5-8D24D9B4DEFC}
	EndGlobalSection
EndGlobal
